
Microsoft Visual Studio Solution File, Format Version 12.00
# Visual Studio Version 17
VisualStudioVersion = 17.3.32825.248
MinimumVisualStudioVersion = 10.0.40219.1
Project("{9A19103F-16F7-4668-BE54-9A1E7A4F7556}") = "IceSync.ApiClient", "IceSync.ApiClient\IceSync.ApiClient.csproj", "{DEC38336-6ED1-4F8C-86FD-DAD34342AB65}"
EndProject
Project("{9A19103F-16F7-4668-BE54-9A1E7A4F7556}") = "IceSync.Data", "IceSync.Data\IceSync.Data.csproj", "{B4BFD862-4B20-4488-AD71-09BF04C2CE28}"
EndProject
Project("{9A19103F-16F7-4668-BE54-9A1E7A4F7556}") = "IceSync.Web", "IceSync.Web\IceSync.Web.csproj", "{54E427F3-076B-4865-87D2-C92A9A674656}"
EndProject
Project("{FAE04EC0-301F-11D3-BF4B-00C04F79EFBC}") = "IceSync.Tests", "IceSync.Tests\IceSync.Tests.csproj", "{E296ECC2-4BAD-4CC6-AEF4-192CD70893AE}"
EndProject
Global
	GlobalSection(SolutionConfigurationPlatforms) = preSolution
		Debug|Any CPU = Debug|Any CPU
		Release|Any CPU = Release|Any CPU
	EndGlobalSection
	GlobalSection(ProjectConfigurationPlatforms) = postSolution
		{DEC38336-6ED1-4F8C-86FD-DAD34342AB65}.Debug|Any CPU.ActiveCfg = Debug|Any CPU
		{DEC38336-6ED1-4F8C-86FD-DAD34342AB65}.Debug|Any CPU.Build.0 = Debug|Any CPU
		{DEC38336-6ED1-4F8C-86FD-DAD34342AB65}.Release|Any CPU.ActiveCfg = Release|Any CPU
		{DEC38336-6ED1-4F8C-86FD-DAD34342AB65}.Release|Any CPU.Build.0 = Release|Any CPU
		{B4BFD862-4B20-4488-AD71-09BF04C2CE28}.Debug|Any CPU.ActiveCfg = Debug|Any CPU
		{B4BFD862-4B20-4488-AD71-09BF04C2CE28}.Debug|Any CPU.Build.0 = Debug|Any CPU
		{B4BFD862-4B20-4488-AD71-09BF04C2CE28}.Release|Any CPU.ActiveCfg = Release|Any CPU
		{B4BFD862-4B20-4488-AD71-09BF04C2CE28}.Release|Any CPU.Build.0 = Release|Any CPU
		{54E427F3-076B-4865-87D2-C92A9A674656}.Debug|Any CPU.ActiveCfg = Debug|Any CPU
		{54E427F3-076B-4865-87D2-C92A9A674656}.Debug|Any CPU.Build.0 = Debug|Any CPU
		{54E427F3-076B-4865-87D2-C92A9A674656}.Release|Any CPU.ActiveCfg = Release|Any CPU
		{54E427F3-076B-4865-87D2-C92A9A674656}.Release|Any CPU.Build.0 = Release|Any CPU
		{E296ECC2-4BAD-4CC6-AEF4-192CD70893AE}.Debug|Any CPU.ActiveCfg = Debug|Any CPU
		{E296ECC2-4BAD-4CC6-AEF4-192CD70893AE}.Debug|Any CPU.Build.0 = Debug|Any CPU
		{E296ECC2-4BAD-4CC6-AEF4-192CD70893AE}.Release|Any CPU.ActiveCfg = Release|Any CPU
		{E296ECC2-4BAD-4CC6-AEF4-192CD70893AE}.Release|Any CPU.Build.0 = Release|Any CPU
	EndGlobalSection
	GlobalSection(SolutionProperties) = preSolution
		HideSolutionNode = FALSE
	EndGlobalSection
	GlobalSection(ExtensibilityGlobals) = postSolution
		SolutionGuid = {339338A2-D16D-4FFD-A177-818E8792B3A5}
	EndGlobalSection
EndGlobal
